
Microsoft Visual Studio Solution File, Format Version 12.00
# Visual Studio Version 17
VisualStudioVersion = 17.7.34031.279
MinimumVisualStudioVersion = 10.0.40219.1
Project("{FAE04EC0-301F-11D3-BF4B-00C04F79EFBC}") = "lab 1", "lab 1\lab 1.csproj", "{5497E950-1DB0-4BF0-BD9E-13820BA90D23}"
EndProject
Global
	GlobalSection(SolutionConfigurationPlatforms) = preSolution
		Debug|Any CPU = Debug|Any CPU
		Release|Any CPU = Release|Any CPU
	EndGlobalSection
	GlobalSection(ProjectConfigurationPlatforms) = postSolution
		{5497E950-1DB0-4BF0-BD9E-13820BA90D23}.Debug|Any CPU.ActiveCfg = Debug|Any CPU
		{5497E950-1DB0-4BF0-BD9E-13820BA90D23}.Debug|Any CPU.Build.0 = Debug|Any CPU
		{5497E950-1DB0-4BF0-BD9E-13820BA90D23}.Release|Any CPU.ActiveCfg = Release|Any CPU
		{5497E950-1DB0-4BF0-BD9E-13820BA90D23}.Release|Any CPU.Build.0 = Release|Any CPU
	EndGlobalSection
	GlobalSection(SolutionProperties) = preSolution
		HideSolutionNode = FALSE
	EndGlobalSection
	GlobalSection(ExtensibilityGlobals) = postSolution
		SolutionGuid = {E4A9666B-9F1D-4B46-A233-7CA8AE3A0AF2}
	EndGlobalSection
EndGlobal
