
Microsoft Visual Studio Solution File, Format Version 12.00
# Visual Studio Version 17
VisualStudioVersion = 17.8.34511.84
MinimumVisualStudioVersion = 10.0.40219.1
Project("{FAE04EC0-301F-11D3-BF4B-00C04F79EFBC}") = "TernaryMessage", "TernaryMessage\TernaryMessage.csproj", "{D5122392-ABC7-4BED-8E11-E7E2A4D4EEA3}"
EndProject
Global
	GlobalSection(SolutionConfigurationPlatforms) = preSolution
		Debug|Any CPU = Debug|Any CPU
		Release|Any CPU = Release|Any CPU
	EndGlobalSection
	GlobalSection(ProjectConfigurationPlatforms) = postSolution
		{D5122392-ABC7-4BED-8E11-E7E2A4D4EEA3}.Debug|Any CPU.ActiveCfg = Debug|Any CPU
		{D5122392-ABC7-4BED-8E11-E7E2A4D4EEA3}.Debug|Any CPU.Build.0 = Debug|Any CPU
		{D5122392-ABC7-4BED-8E11-E7E2A4D4EEA3}.Release|Any CPU.ActiveCfg = Release|Any CPU
		{D5122392-ABC7-4BED-8E11-E7E2A4D4EEA3}.Release|Any CPU.Build.0 = Release|Any CPU
	EndGlobalSection
	GlobalSection(SolutionProperties) = preSolution
		HideSolutionNode = FALSE
	EndGlobalSection
	GlobalSection(ExtensibilityGlobals) = postSolution
		SolutionGuid = {7446785D-E0D1-4613-B6BF-766EA4148158}
	EndGlobalSection
EndGlobal
