
Microsoft Visual Studio Solution File, Format Version 12.00
# Visual Studio Version 17
VisualStudioVersion = 17.8.34511.84
MinimumVisualStudioVersion = 10.0.40219.1
Project("{FAE04EC0-301F-11D3-BF4B-00C04F79EFBC}") = "SimpleSubstring", "SimpleSubstring\SimpleSubstring.csproj", "{53EE367C-3AFB-451E-8237-9C1D08AFE20D}"
EndProject
Global
	GlobalSection(SolutionConfigurationPlatforms) = preSolution
		Debug|Any CPU = Debug|Any CPU
		Release|Any CPU = Release|Any CPU
	EndGlobalSection
	GlobalSection(ProjectConfigurationPlatforms) = postSolution
		{53EE367C-3AFB-451E-8237-9C1D08AFE20D}.Debug|Any CPU.ActiveCfg = Debug|Any CPU
		{53EE367C-3AFB-451E-8237-9C1D08AFE20D}.Debug|Any CPU.Build.0 = Debug|Any CPU
		{53EE367C-3AFB-451E-8237-9C1D08AFE20D}.Release|Any CPU.ActiveCfg = Release|Any CPU
		{53EE367C-3AFB-451E-8237-9C1D08AFE20D}.Release|Any CPU.Build.0 = Release|Any CPU
	EndGlobalSection
	GlobalSection(SolutionProperties) = preSolution
		HideSolutionNode = FALSE
	EndGlobalSection
	GlobalSection(ExtensibilityGlobals) = postSolution
		SolutionGuid = {646D8626-58E5-498F-BFF6-7EEA9974DAAA}
	EndGlobalSection
EndGlobal
